
Microsoft Visual Studio Solution File, Format Version 12.00
# Visual Studio Version 17
VisualStudioVersion = 17.10.35013.160
MinimumVisualStudioVersion = 10.0.40219.1
Project("{FAE04EC0-301F-11D3-BF4B-00C04F79EFBC}") = "EmguCVSimpleCode", "EmguCVSimpleCode.csproj", "{0014AD40-BF07-41B1-9E27-F0074FC9B9B7}"
EndProject
Global
	GlobalSection(SolutionConfigurationPlatforms) = preSolution
		Debug|Any CPU = Debug|Any CPU
		Release|Any CPU = Release|Any CPU
	EndGlobalSection
	GlobalSection(ProjectConfigurationPlatforms) = postSolution
		{0014AD40-BF07-41B1-9E27-F0074FC9B9B7}.Debug|Any CPU.ActiveCfg = Debug|Any CPU
		{0014AD40-BF07-41B1-9E27-F0074FC9B9B7}.Debug|Any CPU.Build.0 = Debug|Any CPU
		{0014AD40-BF07-41B1-9E27-F0074FC9B9B7}.Debug|Any CPU.Deploy.0 = Debug|Any CPU
		{0014AD40-BF07-41B1-9E27-F0074FC9B9B7}.Release|Any CPU.ActiveCfg = Release|Any CPU
		{0014AD40-BF07-41B1-9E27-F0074FC9B9B7}.Release|Any CPU.Build.0 = Release|Any CPU
		{0014AD40-BF07-41B1-9E27-F0074FC9B9B7}.Release|Any CPU.Deploy.0 = Release|Any CPU
	EndGlobalSection
	GlobalSection(SolutionProperties) = preSolution
		HideSolutionNode = FALSE
	EndGlobalSection
	GlobalSection(ExtensibilityGlobals) = postSolution
		SolutionGuid = {357CB40A-778B-45B6-9679-3780D2AF097F}
	EndGlobalSection
EndGlobal
